
Microsoft Visual Studio Solution File, Format Version 12.00
# Visual Studio Version 17
VisualStudioVersion = 17.0.32014.148
MinimumVisualStudioVersion = 10.0.40219.1
Project("{FAE04EC0-301F-11D3-BF4B-00C04F79EFBC}") = "WeaveUI", "WeaveUI\WeaveUI.csproj", "{CE0A84D7-137A-47EC-A670-94E5D57FDB0A}"
EndProject
Global
	GlobalSection(SolutionConfigurationPlatforms) = preSolution
		Debug|Any CPU = Debug|Any CPU
		Release|Any CPU = Release|Any CPU
	EndGlobalSection
	GlobalSection(ProjectConfigurationPlatforms) = postSolution
		{CE0A84D7-137A-47EC-A670-94E5D57FDB0A}.Debug|Any CPU.ActiveCfg = Debug|Any CPU
		{CE0A84D7-137A-47EC-A670-94E5D57FDB0A}.Debug|Any CPU.Build.0 = Debug|Any CPU
		{CE0A84D7-137A-47EC-A670-94E5D57FDB0A}.Release|Any CPU.ActiveCfg = Release|Any CPU
		{CE0A84D7-137A-47EC-A670-94E5D57FDB0A}.Release|Any CPU.Build.0 = Release|Any CPU
	EndGlobalSection
	GlobalSection(SolutionProperties) = preSolution
		HideSolutionNode = FALSE
	EndGlobalSection
	GlobalSection(ExtensibilityGlobals) = postSolution
		SolutionGuid = {25E60523-3C33-42AA-88AD-D31927B0E755}
	EndGlobalSection
EndGlobal
